
Microsoft Visual Studio Solution File, Format Version 12.00
# Visual Studio 15
Project("{FAE04EC0-301F-11D3-BF4B-00C04F79EFBC}") = "R7.Webmate.Xwt", "R7.Webmate.Xwt\R7.Webmate.Xwt.csproj", "{2505B342-AD1C-46EA-AA9F-BB232CC36CC8}"
EndProject
Project("{FAE04EC0-301F-11D3-BF4B-00C04F79EFBC}") = "R7.Webmate", "R7.Webmate\R7.Webmate.csproj", "{C97EAFDF-3190-4A13-B1DC-A033C45228B8}"
EndProject
Project("{FAE04EC0-301F-11D3-BF4B-00C04F79EFBC}") = "R7.Webmate.Tests", "R7.Webmate.Tests\R7.Webmate.Tests.csproj", "{DA075051-D5E0-445D-8826-F683F89494E0}"
EndProject
Project("{FAE04EC0-301F-11D3-BF4B-00C04F79EFBC}") = "R7.Webmate.Xwt.DependencyHelper", "R7.Webmate.Xwt.DependencyHelper\R7.Webmate.Xwt.DependencyHelper.csproj", "{B801B613-7219-4C07-9340-A33451516F68}"
EndProject
Global
	GlobalSection(SolutionConfigurationPlatforms) = preSolution
		Debug|Any CPU = Debug|Any CPU
		Release|Any CPU = Release|Any CPU
	EndGlobalSection
	GlobalSection(ProjectConfigurationPlatforms) = postSolution
		{2505B342-AD1C-46EA-AA9F-BB232CC36CC8}.Debug|Any CPU.ActiveCfg = Debug|Any CPU
		{2505B342-AD1C-46EA-AA9F-BB232CC36CC8}.Debug|Any CPU.Build.0 = Debug|Any CPU
		{2505B342-AD1C-46EA-AA9F-BB232CC36CC8}.Release|Any CPU.ActiveCfg = Release|Any CPU
		{2505B342-AD1C-46EA-AA9F-BB232CC36CC8}.Release|Any CPU.Build.0 = Release|Any CPU
		{C97EAFDF-3190-4A13-B1DC-A033C45228B8}.Debug|Any CPU.ActiveCfg = Debug|Any CPU
		{C97EAFDF-3190-4A13-B1DC-A033C45228B8}.Debug|Any CPU.Build.0 = Debug|Any CPU
		{C97EAFDF-3190-4A13-B1DC-A033C45228B8}.Release|Any CPU.ActiveCfg = Release|Any CPU
		{C97EAFDF-3190-4A13-B1DC-A033C45228B8}.Release|Any CPU.Build.0 = Release|Any CPU
		{DA075051-D5E0-445D-8826-F683F89494E0}.Debug|Any CPU.ActiveCfg = Debug|Any CPU
		{DA075051-D5E0-445D-8826-F683F89494E0}.Debug|Any CPU.Build.0 = Debug|Any CPU
		{DA075051-D5E0-445D-8826-F683F89494E0}.Release|Any CPU.ActiveCfg = Release|Any CPU
		{DA075051-D5E0-445D-8826-F683F89494E0}.Release|Any CPU.Build.0 = Release|Any CPU
	EndGlobalSection
	GlobalSection(MonoDevelopProperties) = preSolution
		Policies = $0
		$0.StandardHeader = $1
		$1.IncludeInNewFiles = False
	EndGlobalSection
EndGlobal
